
Microsoft Visual Studio Solution File, Format Version 12.00
# Visual Studio Version 16
VisualStudioVersion = 16.0.31410.357
MinimumVisualStudioVersion = 10.0.40219.1
Project("{FAE04EC0-301F-11D3-BF4B-00C04F79EFBC}") = "BLGWeather.WebApi", "BLGWeather.WebApi\BLGWeather.WebApi.csproj", "{839F1D7C-CD7C-463B-B45B-5A3046D11D35}"
EndProject
Project("{FAE04EC0-301F-11D3-BF4B-00C04F79EFBC}") = "BLG.Business", "BLG.Business\BLG.Business.csproj", "{5BAB9768-3FC8-43F9-8FE6-B5DF3CCFA2DD}"
EndProject
Project("{FAE04EC0-301F-11D3-BF4B-00C04F79EFBC}") = "BLGWeather.Domain", "BLGWeather.Domain\BLGWeather.Domain.csproj", "{37CF5DE3-507F-4A74-8CB5-D1504EAF4538}"
EndProject
Project("{FAE04EC0-301F-11D3-BF4B-00C04F79EFBC}") = "BLGWeather.Web.Tests", "BLGWeather.Web.Tests\BLGWeather.Web.Tests.csproj", "{8B7004B3-128E-42F9-AF11-0C31BDA12BD8}"
EndProject
Global
	GlobalSection(SolutionConfigurationPlatforms) = preSolution
		Debug|Any CPU = Debug|Any CPU
		Release|Any CPU = Release|Any CPU
	EndGlobalSection
	GlobalSection(ProjectConfigurationPlatforms) = postSolution
		{839F1D7C-CD7C-463B-B45B-5A3046D11D35}.Debug|Any CPU.ActiveCfg = Debug|Any CPU
		{839F1D7C-CD7C-463B-B45B-5A3046D11D35}.Debug|Any CPU.Build.0 = Debug|Any CPU
		{839F1D7C-CD7C-463B-B45B-5A3046D11D35}.Release|Any CPU.ActiveCfg = Release|Any CPU
		{839F1D7C-CD7C-463B-B45B-5A3046D11D35}.Release|Any CPU.Build.0 = Release|Any CPU
		{5BAB9768-3FC8-43F9-8FE6-B5DF3CCFA2DD}.Debug|Any CPU.ActiveCfg = Debug|Any CPU
		{5BAB9768-3FC8-43F9-8FE6-B5DF3CCFA2DD}.Debug|Any CPU.Build.0 = Debug|Any CPU
		{5BAB9768-3FC8-43F9-8FE6-B5DF3CCFA2DD}.Release|Any CPU.ActiveCfg = Release|Any CPU
		{5BAB9768-3FC8-43F9-8FE6-B5DF3CCFA2DD}.Release|Any CPU.Build.0 = Release|Any CPU
		{37CF5DE3-507F-4A74-8CB5-D1504EAF4538}.Debug|Any CPU.ActiveCfg = Debug|Any CPU
		{37CF5DE3-507F-4A74-8CB5-D1504EAF4538}.Debug|Any CPU.Build.0 = Debug|Any CPU
		{37CF5DE3-507F-4A74-8CB5-D1504EAF4538}.Release|Any CPU.ActiveCfg = Release|Any CPU
		{37CF5DE3-507F-4A74-8CB5-D1504EAF4538}.Release|Any CPU.Build.0 = Release|Any CPU
		{8B7004B3-128E-42F9-AF11-0C31BDA12BD8}.Debug|Any CPU.ActiveCfg = Debug|Any CPU
		{8B7004B3-128E-42F9-AF11-0C31BDA12BD8}.Debug|Any CPU.Build.0 = Debug|Any CPU
		{8B7004B3-128E-42F9-AF11-0C31BDA12BD8}.Release|Any CPU.ActiveCfg = Release|Any CPU
		{8B7004B3-128E-42F9-AF11-0C31BDA12BD8}.Release|Any CPU.Build.0 = Release|Any CPU
	EndGlobalSection
	GlobalSection(SolutionProperties) = preSolution
		HideSolutionNode = FALSE
	EndGlobalSection
	GlobalSection(ExtensibilityGlobals) = postSolution
		SolutionGuid = {933EC54B-D05E-4C2E-BA76-6554AEACCC9C}
	EndGlobalSection
EndGlobal
